schema: '2.0'
stages:
  stage_01:
    cmd: python stage_01.py
    deps:
    - path: stage_01.py
      hash: md5
      md5: 95ce18d82b7e06b7278054115ee0334d
      size: 98
    outs:
    - path: artifact.txt
      hash: md5
      md5: a6ee895e9445df1927fbba750d9fec82
      size: 35
  stage_02:
    cmd: python stage_02.py
    deps:
    - path: artifact.txt
      hash: md5
      md5: a6ee895e9445df1927fbba750d9fec82
      size: 35
    - path: stage_01.py
      hash: md5
      md5: 95ce18d82b7e06b7278054115ee0334d
      size: 98
  stage_03:
    cmd: python stage_03.py
    deps:
    - path: artifact.txt
      hash: md5
      md5: 22ed79be84e58e2d7f4d5aeee7fdec07
      size: 56
    - path: stage_03.py
      hash: md5
      md5: 98283b0b697f2a1abb9584fe4d3b664f
      size: 200
